
Microsoft Visual Studio Solution File, Format Version 12.00
# Visual Studio Version 17
VisualStudioVersion = 17.0.31903.59
MinimumVisualStudioVersion = 10.0.40219.1
Project("{FAE04EC0-301F-11D3-BF4B-00C04F79EFBC}") = "App", "App\App.csproj", "{F505B694-B2F2-44EF-BA92-11FE35123C8E}"
EndProject
Global
	GlobalSection(SolutionConfigurationPlatforms) = preSolution
		Debug|Any CPU = Debug|Any CPU
		Release|Any CPU = Release|Any CPU
	EndGlobalSection
	GlobalSection(SolutionProperties) = preSolution
		HideSolutionNode = FALSE
	EndGlobalSection
	GlobalSection(ProjectConfigurationPlatforms) = postSolution
		{F505B694-B2F2-44EF-BA92-11FE35123C8E}.Debug|Any CPU.ActiveCfg = Debug|Any CPU
		{F505B694-B2F2-44EF-BA92-11FE35123C8E}.Debug|Any CPU.Build.0 = Debug|Any CPU
		{F505B694-B2F2-44EF-BA92-11FE35123C8E}.Release|Any CPU.ActiveCfg = Release|Any CPU
		{F505B694-B2F2-44EF-BA92-11FE35123C8E}.Release|Any CPU.Build.0 = Release|Any CPU
		{22BDF643-3881-41D5-BD82-C5E3A0E12B97}.Debug|Any CPU.ActiveCfg = Debug|Any CPU
		{22BDF643-3881-41D5-BD82-C5E3A0E12B97}.Debug|Any CPU.Build.0 = Debug|Any CPU
		{22BDF643-3881-41D5-BD82-C5E3A0E12B97}.Release|Any CPU.ActiveCfg = Release|Any CPU
		{22BDF643-3881-41D5-BD82-C5E3A0E12B97}.Release|Any CPU.Build.0 = Release|Any CPU
	EndGlobalSection
EndGlobal
